
Microsoft Visual Studio Solution File, Format Version 12.00
# Visual Studio Version 17
VisualStudioVersion = 17.5.002.0
MinimumVisualStudioVersion = 10.0.40219.1
Project("{9A19103F-16F7-4668-BE54-9A1E7A4F7556}") = "DIO.Series", "DIO.Series.csproj", "{0FD21F53-E4EE-42F8-99A7-4D41B8AF611E}"
EndProject
Global
	GlobalSection(SolutionConfigurationPlatforms) = preSolution
		Debug|Any CPU = Debug|Any CPU
		Release|Any CPU = Release|Any CPU
	EndGlobalSection
	GlobalSection(ProjectConfigurationPlatforms) = postSolution
		{0FD21F53-E4EE-42F8-99A7-4D41B8AF611E}.Debug|Any CPU.ActiveCfg = Debug|Any CPU
		{0FD21F53-E4EE-42F8-99A7-4D41B8AF611E}.Debug|Any CPU.Build.0 = Debug|Any CPU
		{0FD21F53-E4EE-42F8-99A7-4D41B8AF611E}.Release|Any CPU.ActiveCfg = Release|Any CPU
		{0FD21F53-E4EE-42F8-99A7-4D41B8AF611E}.Release|Any CPU.Build.0 = Release|Any CPU
	EndGlobalSection
	GlobalSection(SolutionProperties) = preSolution
		HideSolutionNode = FALSE
	EndGlobalSection
	GlobalSection(ExtensibilityGlobals) = postSolution
		SolutionGuid = {57FF0308-B247-4D4B-9BC4-04F39156BC64}
	EndGlobalSection
EndGlobal
